
Microsoft Visual Studio Solution File, Format Version 12.00
# Visual Studio Version 17
VisualStudioVersion = 17.2.32630.192
MinimumVisualStudioVersion = 10.0.40219.1
Project("{FAE04EC0-301F-11D3-BF4B-00C04F79EFBC}") = "XamarinSmsParser.Android", "XamarinSmsParser\XamarinSmsParser.Android\XamarinSmsParser.Android.csproj", "{D8A8CE90-9CE2-4046-B7F3-95A5BF12FF07}"
EndProject
Project("{FAE04EC0-301F-11D3-BF4B-00C04F79EFBC}") = "XamarinSmsParser", "XamarinSmsParser\XamarinSmsParser\XamarinSmsParser.csproj", "{81BE04C6-B02A-42A0-999F-D301B4530EBC}"
EndProject
Global
	GlobalSection(SolutionConfigurationPlatforms) = preSolution
		Debug|Any CPU = Debug|Any CPU
		Release|Any CPU = Release|Any CPU
	EndGlobalSection
	GlobalSection(ProjectConfigurationPlatforms) = postSolution
		{D8A8CE90-9CE2-4046-B7F3-95A5BF12FF07}.Debug|Any CPU.ActiveCfg = Debug|Any CPU
		{D8A8CE90-9CE2-4046-B7F3-95A5BF12FF07}.Debug|Any CPU.Build.0 = Debug|Any CPU
		{D8A8CE90-9CE2-4046-B7F3-95A5BF12FF07}.Debug|Any CPU.Deploy.0 = Debug|Any CPU
		{D8A8CE90-9CE2-4046-B7F3-95A5BF12FF07}.Release|Any CPU.ActiveCfg = Release|Any CPU
		{D8A8CE90-9CE2-4046-B7F3-95A5BF12FF07}.Release|Any CPU.Build.0 = Release|Any CPU
		{D8A8CE90-9CE2-4046-B7F3-95A5BF12FF07}.Release|Any CPU.Deploy.0 = Release|Any CPU
		{81BE04C6-B02A-42A0-999F-D301B4530EBC}.Debug|Any CPU.ActiveCfg = Debug|Any CPU
		{81BE04C6-B02A-42A0-999F-D301B4530EBC}.Debug|Any CPU.Build.0 = Debug|Any CPU
		{81BE04C6-B02A-42A0-999F-D301B4530EBC}.Debug|Any CPU.Deploy.0 = Debug|Any CPU
		{81BE04C6-B02A-42A0-999F-D301B4530EBC}.Release|Any CPU.ActiveCfg = Release|Any CPU
		{81BE04C6-B02A-42A0-999F-D301B4530EBC}.Release|Any CPU.Build.0 = Release|Any CPU
		{81BE04C6-B02A-42A0-999F-D301B4530EBC}.Release|Any CPU.Deploy.0 = Release|Any CPU
	EndGlobalSection
	GlobalSection(SolutionProperties) = preSolution
		HideSolutionNode = FALSE
	EndGlobalSection
	GlobalSection(ExtensibilityGlobals) = postSolution
		SolutionGuid = {534A5918-5F8E-4CE2-AC0A-93BD8D7496BD}
	EndGlobalSection
EndGlobal
